
Microsoft Visual Studio Solution File, Format Version 12.00
# Visual Studio 15
Project("{FAE04EC0-301F-11D3-BF4B-00C04F79EFBC}") = "Assembly-CSharp", "Assembly-CSharp.csproj", "{CA2FF223-34A9-48AD-7BE3-817076EA0639}"
EndProject
Project("{FAE04EC0-301F-11D3-BF4B-00C04F79EFBC}") = "Assembly-CSharp-Editor", "Assembly-CSharp-Editor.csproj", "{22864101-657E-ECF4-8B84-11D34B12653F}"
EndProject
Global
	GlobalSection(SolutionConfigurationPlatforms) = preSolution
		Debug|Any CPU = Debug|Any CPU
		Release|Any CPU = Release|Any CPU
	EndGlobalSection
	GlobalSection(ProjectConfigurationPlatforms) = postSolution
		{CA2FF223-34A9-48AD-7BE3-817076EA0639}.Debug|Any CPU.ActiveCfg = Debug|Any CPU
		{CA2FF223-34A9-48AD-7BE3-817076EA0639}.Debug|Any CPU.Build.0 = Debug|Any CPU
		{CA2FF223-34A9-48AD-7BE3-817076EA0639}.Release|Any CPU.ActiveCfg = Release|Any CPU
		{CA2FF223-34A9-48AD-7BE3-817076EA0639}.Release|Any CPU.Build.0 = Release|Any CPU
		{22864101-657E-ECF4-8B84-11D34B12653F}.Debug|Any CPU.ActiveCfg = Debug|Any CPU
		{22864101-657E-ECF4-8B84-11D34B12653F}.Debug|Any CPU.Build.0 = Debug|Any CPU
		{22864101-657E-ECF4-8B84-11D34B12653F}.Release|Any CPU.ActiveCfg = Release|Any CPU
		{22864101-657E-ECF4-8B84-11D34B12653F}.Release|Any CPU.Build.0 = Release|Any CPU
	EndGlobalSection
	GlobalSection(SolutionProperties) = preSolution
		HideSolutionNode = FALSE
	EndGlobalSection
EndGlobal
